// !$*UTF8*$!
{
	archiveVersion = 1;
	classes = {
	};
	objectVersion = 46;
	objects = {

/* Begin PBXBuildFile section */
		1A0500E81D64433100FF5F01 /* main.m in Sources */ = {isa = PBXBuildFile; fileRef = 1A0500E71D64433100FF5F01 /* main.m */; };
		1A0500EB1D64433100FF5F01 /* AppDelegate.m in Sources */ = {isa = PBXBuildFile; fileRef = 1A0500EA1D64433100FF5F01 /* AppDelegate.m */; };
		1A0500EE1D64433100FF5F01 /* ViewController.m in Sources */ = {isa = PBXBuildFile; fileRef = 1A0500ED1D64433100FF5F01 /* ViewController.m */; };
		1A0500F11D64433100FF5F01 /* Main.storyboard in Resources */ = {isa = PBXBuildFile; fileRef = 1A0500EF1D64433100FF5F01 /* Main.storyboard */; };
		1A0500F31D64433100FF5F01 /* Assets.xcassets in Resources */ = {isa = PBXBuildFile; fileRef = 1A0500F21D64433100FF5F01 /* Assets.xcassets */; };
		1A0500F61D64433100FF5F01 /* LaunchScreen.storyboard in Resources */ = {isa = PBXBuildFile; fileRef = 1A0500F41D64433100FF5F01 /* LaunchScreen.storyboard */; };
		1A0500FF1D64435E00FF5F01 /* WRContentViewController.m in Sources */ = {isa = PBXBuildFile; fileRef = 1A0500FE1D64435E00FF5F01 /* WRContentViewController.m */; };
		1A0501021D64475100FF5F01 /* UIColor+Extension.m in Sources */ = {isa = PBXBuildFile; fileRef = 1A0501011D64475100FF5F01 /* UIColor+Extension.m */; };
		1A0501041D644FF800FF5F01 /* 录制.gif in Resources */ = {isa = PBXBuildFile; fileRef = 1A0501031D644FF800FF5F01 /* 录制.gif */; };
/* End PBXBuildFile section */

/* Begin PBXFileReference section */
		1A0500E31D64433100FF5F01 /* fllowscroll.app */ = {isa = PBXFileReference; explicitFileType = wrapper.application; includeInIndex = 0; path = fllowscroll.app; sourceTree = BUILT_PRODUCTS_DIR; };
		1A0500E71D64433100FF5F01 /* main.m */ = {isa = PBXFileReference; lastKnownFileType = sourcecode.c.objc; path = main.m; sourceTree = "<group>"; };
		1A0500E91D64433100FF5F01 /* AppDelegate.h */ = {isa = PBXFileReference; lastKnownFileType = sourcecode.c.h; path = AppDelegate.h; sourceTree = "<group>"; };
		1A0500EA1D64433100FF5F01 /* AppDelegate.m */ = {isa = PBXFileReference; lastKnownFileType = sourcecode.c.objc; path = AppDelegate.m; sourceTree = "<group>"; };
		1A0500EC1D64433100FF5F01 /* ViewController.h */ = {isa = PBXFileReference; lastKnownFileType = sourcecode.c.h; path = ViewController.h; sourceTree = "<group>"; };
		1A0500ED1D64433100FF5F01 /* ViewController.m */ = {isa = PBXFileReference; lastKnownFileType = sourcecode.c.objc; path = ViewController.m; sourceTree = "<group>"; };
		1A0500F01D64433100FF5F01 /* Base */ = {isa = PBXFileReference; lastKnownFileType = file.storyboard; name = Base; path = Base.lproj/Main.storyboard; sourceTree = "<group>"; };
		1A0500F21D64433100FF5F01 /* Assets.xcassets */ = {isa = PBXFileReference; lastKnownFileType = folder.assetcatalog; path = Assets.xcassets; sourceTree = "<group>"; };
		1A0500F51D64433100FF5F01 /* Base */ = {isa = PBXFileReference; lastKnownFileType = file.storyboard; name = Base; path = Base.lproj/LaunchScreen.storyboard; sourceTree = "<group>"; };
		1A0500F71D64433100FF5F01 /* Info.plist */ = {isa = PBXFileReference; lastKnownFileType = text.plist.xml; path = Info.plist; sourceTree = "<group>"; };
		1A0500FD1D64435E00FF5F01 /* WRContentViewController.h */ = {isa = PBXFileReference; fileEncoding = 4; lastKnownFileType = sourcecode.c.h; path = WRContentViewController.h; sourceTree = "<group>"; };
		1A0500FE1D64435E00FF5F01 /* WRContentViewController.m */ = {isa = PBXFileReference; fileEncoding = 4; lastKnownFileType = sourcecode.c.objc; path = WRContentViewController.m; sourceTree = "<group>"; };
		1A0501001D64475100FF5F01 /* UIColor+Extension.h */ = {isa = PBXFileReference; fileEncoding = 4; lastKnownFileType = sourcecode.c.h; path = "UIColor+Extension.h"; sourceTree = "<group>"; };
		1A0501011D64475100FF5F01 /* UIColor+Extension.m */ = {isa = PBXFileReference; fileEncoding = 4; lastKnownFileType = sourcecode.c.objc; path = "UIColor+Extension.m"; sourceTree = "<group>"; };
		1A0501031D644FF800FF5F01 /* 录制.gif */ = {isa = PBXFileReference; lastKnownFileType = image.gif; path = "录制.gif"; sourceTree = "<group>"; };
/* End PBXFileReference section */

/* Begin PBXFrameworksBuildPhase section */
		1A0500E01D64433100FF5F01 /* Frameworks */ = {
			isa = PBXFrameworksBuildPhase;
			buildActionMask = 2147483647;
			files = (
			);
			runOnlyForDeploymentPostprocessing = 0;
		};
/* End PBXFrameworksBuildPhase section */

/* Begin PBXGroup section */
		1A0500DA1D64433100FF5F01 = {
			isa = PBXGroup;
			children = (
				1A0500E51D64433100FF5F01 /* fllowscroll */,
				1A0500E41D64433100FF5F01 /* Products */,
			);
			sourceTree = "<group>";
		};
		1A0500E41D64433100FF5F01 /* Products */ = {
			isa = PBXGroup;
			children = (
				1A0500E31D64433100FF5F01 /* fllowscroll.app */,
			);
			name = Products;
			sourceTree = "<group>";
		};
		1A0500E51D64433100FF5F01 /* fllowscroll */ = {
			isa = PBXGroup;
			children = (
				1A0501031D644FF800FF5F01 /* 录制.gif */,
				1A0500E91D64433100FF5F01 /* AppDelegate.h */,
				1A0500EA1D64433100FF5F01 /* AppDelegate.m */,
				1A0500EC1D64433100FF5F01 /* ViewController.h */,
				1A0500ED1D64433100FF5F01 /* ViewController.m */,
				1A0500FD1D64435E00FF5F01 /* WRContentViewController.h */,
				1A0500FE1D64435E00FF5F01 /* WRContentViewController.m */,
				1A0500EF1D64433100FF5F01 /* Main.storyboard */,
				1A0500F21D64433100FF5F01 /* Assets.xcassets */,
				1A0500F41D64433100FF5F01 /* LaunchScreen.storyboard */,
				1A0500F71D64433100FF5F01 /* Info.plist */,
				1A0500E61D64433100FF5F01 /* Supporting Files */,
				1A0501001D64475100FF5F01 /* UIColor+Extension.h */,
				1A0501011D64475100FF5F01 /* UIColor+Extension.m */,
			);
			path = fllowscroll;
			sourceTree = "<group>";
		};
		1A0500E61D64433100FF5F01 /* Supporting Files */ = {
			isa = PBXGroup;
			children = (
				1A0500E71D64433100FF5F01 /* main.m */,
			);
			name = "Supporting Files";
			sourceTree = "<group>";
		};
/* End PBXGroup section */

/* Begin PBXNativeTarget section */
		1A0500E21D64433100FF5F01 /* fllowscroll */ = {
			isa = PBXNativeTarget;
			buildConfigurationList = 1A0500FA1D64433100FF5F01 /* Build configuration list for PBXNativeTarget "fllowscroll" */;
			buildPhases = (
				1A0500DF1D64433100FF5F01 /* Sources */,
				1A0500E01D64433100FF5F01 /* Frameworks */,
				1A0500E11D64433100FF5F01 /* Resources */,
			);
			buildRules = (
			);
			dependencies = (
			);
			name = fllowscroll;
			productName = fllowscroll;
			productReference = 1A0500E31D64433100FF5F01 /* fllowscroll.app */;
			productType = "com.apple.product-type.application";
		};
/* End PBXNativeTarget section */

/* Begin PBXProject section */
		1A0500DB1D64433100FF5F01 /* Project object */ = {
			isa = PBXProject;
			attributes = {
				LastUpgradeCheck = 0730;
				ORGANIZATIONNAME = tools;
				TargetAttributes = {
					1A0500E21D64433100FF5F01 = {
						CreatedOnToolsVersion = 7.3;
					};
				};
			};
			buildConfigurationList = 1A0500DE1D64433100FF5F01 /* Build configuration list for PBXProject "fllowscroll" */;
			compatibilityVersion = "Xcode 3.2";
			developmentRegion = English;
			hasScannedForEncodings = 0;
			knownRegions = (
				en,
				Base,
			);
			mainGroup = 1A0500DA1D64433100FF5F01;
			productRefGroup = 1A0500E41D64433100FF5F01 /* Products */;
			projectDirPath = "";
			projectRoot = "";
			targets = (
				1A0500E21D64433100FF5F01 /* fllowscroll */,
			);
		};
/* End PBXProject section */

/* Begin PBXResourcesBuildPhase section */
		1A0500E11D64433100FF5F01 /* Resources */ = {
			isa = PBXResourcesBuildPhase;
			buildActionMask = 2147483647;
			files = (
				1A0500F61D64433100FF5F01 /* LaunchScreen.storyboard in Resources */,
				1A0501041D644FF800FF5F01 /* 录制.gif in Resources */,
				1A0500F31D64433100FF5F01 /* Assets.xcassets in Resources */,
				1A0500F11D64433100FF5F01 /* Main.storyboard in Resources */,
			);
			runOnlyForDeploymentPostprocessing = 0;
		};
/* End PBXResourcesBuildPhase section */

/* Begin PBXSourcesBuildPhase section */
		1A0500DF1D64433100FF5F01 /* Sources */ = {
			isa = PBXSourcesBuildPhase;
			buildActionMask = 2147483647;
			files = (
				1A0500EE1D64433100FF5F01 /* ViewController.m in Sources */,
				1A0500EB1D64433100FF5F01 /* AppDelegate.m in Sources */,
				1A0501021D64475100FF5F01 /* UIColor+Extension.m in Sources */,
				1A0500E81D64433100FF5F01 /* main.m in Sources */,
				1A0500FF1D64435E00FF5F01 /* WRContentViewController.m in Sources */,
			);
			runOnlyForDeploymentPostprocessing = 0;
		};
/* End PBXSourcesBuildPhase section */

/* Begin PBXVariantGroup section */
		1A0500EF1D64433100FF5F01 /* Main.storyboard */ = {
			isa = PBXVariantGroup;
			children = (
				1A0500F01D64433100FF5F01 /* Base */,
			);
			name = Main.storyboard;
			sourceTree = "<group>";
		};
		1A0500F41D64433100FF5F01 /* LaunchScreen.storyboard */ = {
			isa = PBXVariantGroup;
			children = (
				1A0500F51D64433100FF5F01 /* Base */,
			);
			name = LaunchScreen.storyboard;
			sourceTree = "<group>";
		};
/* End PBXVariantGroup section */

/* Begin XCBuildConfiguration section */
		1A0500F81D64433100FF5F01 /* Debug */ = {
			isa = XCBuildConfiguration;
			buildSettings = {
				ALWAYS_SEARCH_USER_PATHS = NO;
				CLANG_ANALYZER_NONNULL = YES;
				CLANG_CXX_LANGUAGE_STANDARD = "gnu++0x";
				CLANG_CXX_LIBRARY = "libc++";
				CLANG_ENABLE_MODULES = YES;
				CLANG_ENABLE_OBJC_ARC = YES;
				CLANG_WARN_BOOL_CONVERSION = YES;
				CLANG_WARN_CONSTANT_CONVERSION = YES;
				CLANG_WARN_DIRECT_OBJC_ISA_USAGE = YES_ERROR;
				CLANG_WARN_EMPTY_BODY = YES;
				CLANG_WARN_ENUM_CONVERSION = YES;
				CLANG_WARN_INT_CONVERSION = YES;
				CLANG_WARN_OBJC_ROOT_CLASS = YES_ERROR;
				CLANG_WARN_UNREACHABLE_CODE = YES;
				CLANG_WARN__DUPLICATE_METHOD_MATCH = YES;
				"CODE_SIGN_IDENTITY[sdk=iphoneos*]" = "iPhone Developer";
				COPY_PHASE_STRIP = NO;
				DEBUG_INFORMATION_FORMAT = dwarf;
				ENABLE_STRICT_OBJC_MSGSEND = YES;
				ENABLE_TESTABILITY = YES;
				GCC_C_LANGUAGE_STANDARD = gnu99;
				GCC_DYNAMIC_NO_PIC = NO;
				GCC_NO_COMMON_BLOCKS = YES;
				GCC_OPTIMIZATION_LEVEL = 0;
				GCC_PREPROCESSOR_DEFINITIONS = (
					"DEBUG=1",
					"$(inherited)",
				);
				GCC_WARN_64_TO_32_BIT_CONVERSION = YES;
				GCC_WARN_ABOUT_RETURN_TYPE = YES_ERROR;
				GCC_WARN_UNDECLARED_SELECTOR = YES;
				GCC_WARN_UNINITIALIZED_AUTOS = YES_AGGRESSIVE;
				GCC_WARN_UNUSED_FUNCTION = YES;
				GCC_WARN_UNUSED_VARIABLE = YES;
				IPHONEOS_DEPLOYMENT_TARGET = 9.3;
				MTL_ENABLE_DEBUG_INFO = YES;
				ONLY_ACTIVE_ARCH = YES;
				SDKROOT = iphoneos;
			};
			name = Debug;
		};
		1A0500F91D64433100FF5F01 /* Release */ = {
			isa = XCBuildConfiguration;
			buildSettings = {
				ALWAYS_SEARCH_USER_PATHS = NO;
				CLANG_ANALYZER_NONNULL = YES;
				CLANG_CXX_LANGUAGE_STANDARD = "gnu++0x";
				CLANG_CXX_LIBRARY = "libc++";
				CLANG_ENABLE_MODULES = YES;
				CLANG_ENABLE_OBJC_ARC = YES;
				CLANG_WARN_BOOL_CONVERSION = YES;
				CLANG_WARN_CONSTANT_CONVERSION = YES;
				CLANG_WARN_DIRECT_OBJC_ISA_USAGE = YES_ERROR;
				CLANG_WARN_EMPTY_BODY = YES;
				CLANG_WARN_ENUM_CONVERSION = YES;
				CLANG_WARN_INT_CONVERSION = YES;
				CLANG_WARN_OBJC_ROOT_CLASS = YES_ERROR;
				CLANG_WARN_UNREACHABLE_CODE = YES;
				CLANG_WARN__DUPLICATE_METHOD_MATCH = YES;
				"CODE_SIGN_IDENTITY[sdk=iphoneos*]" = "iPhone Developer";
				COPY_PHASE_STRIP = NO;
				DEBUG_INFORMATION_FORMAT = "dwarf-with-dsym";
				ENABLE_NS_ASSERTIONS = NO;
				ENABLE_STRICT_OBJC_MSGSEND = YES;
				GCC_C_LANGUAGE_STANDARD = gnu99;
				GCC_NO_COMMON_BLOCKS = YES;
				GCC_WARN_64_TO_32_BIT_CONVERSION = YES;
				GCC_WARN_ABOUT_RETURN_TYPE = YES_ERROR;
				GCC_WARN_UNDECLARED_SELECTOR = YES;
				GCC_WARN_UNINITIALIZED_AUTOS = YES_AGGRESSIVE;
				GCC_WARN_UNUSED_FUNCTION = YES;
				GCC_WARN_UNUSED_VARIABLE = YES;
				IPHONEOS_DEPLOYMENT_TARGET = 9.3;
				MTL_ENABLE_DEBUG_INFO = NO;
				SDKROOT = iphoneos;
				VALIDATE_PRODUCT = YES;
			};
			name = Release;
		};
		1A0500FB1D64433100FF5F01 /* Debug */ = {
			isa = XCBuildConfiguration;
			buildSettings = {
				ASSETCATALOG_COMPILER_APPICON_NAME = AppIcon;
				INFOPLIST_FILE = fllowscroll/Info.plist;
				LD_RUNPATH_SEARCH_PATHS = "$(inherited) @executable_path/Frameworks";
				PRODUCT_BUNDLE_IDENTIFIER = com.wr.fllowscroll;
				PRODUCT_NAME = "$(TARGET_NAME)";
			};
			name = Debug;
		};
		1A0500FC1D64433100FF5F01 /* Release */ = {
			isa = XCBuildConfiguration;
			buildSettings = {
				ASSETCATALOG_COMPILER_APPICON_NAME = AppIcon;
				INFOPLIST_FILE = fllowscroll/Info.plist;
				LD_RUNPATH_SEARCH_PATHS = "$(inherited) @executable_path/Frameworks";
				PRODUCT_BUNDLE_IDENTIFIER = com.wr.fllowscroll;
				PRODUCT_NAME = "$(TARGET_NAME)";
			};
			name = Release;
		};
/* End XCBuildConfiguration section */

/* Begin XCConfigurationList section */
		1A0500DE1D64433100FF5F01 /* Build configuration list for PBXProject "fllowscroll" */ = {
			isa = XCConfigurationList;
			buildConfigurations = (
				1A0500F81D64433100FF5F01 /* Debug */,
				1A0500F91D64433100FF5F01 /* Release */,
			);
			defaultConfigurationIsVisible = 0;
			defaultConfigurationName = Release;
		};
		1A0500FA1D64433100FF5F01 /* Build configuration list for PBXNativeTarget "fllowscroll" */ = {
			isa = XCConfigurationList;
			buildConfigurations = (
				1A0500FB1D64433100FF5F01 /* Debug */,
				1A0500FC1D64433100FF5F01 /* Release */,
			);
			defaultConfigurationIsVisible = 0;
			defaultConfigurationName = Release;
		};
/* End XCConfigurationList section */
	};
	rootObject = 1A0500DB1D64433100FF5F01 /* Project object */;
}
